{
  "name": "poli-page-sdk-node-demo",
  "version": "0.0.0",
  "lockfileVersion": 3,
  "requires": true,
  "packages": {
    "": {
      "name": "poli-page-sdk-node-demo",
      "version": "0.0.0",
      "dependencies": {
        "@poli-page/sdk": "file:../.."
      }
    },
    "../..": {
      "name": "@poli-page/sdk",
      "version": "1.0.0",
      "license": "MIT",
      "devDependencies": {
        "@arethetypeswrong/cli": "^0.18.2",
        "@eslint/js": "^10.0.1",
        "@size-limit/preset-small-lib": "^12.1.0",
        "@types/node": "^20.19.0",
        "@vitest/coverage-v8": "^4.1.5",
        "eslint": "^10.2.1",
        "publint": "^0.3.18",
        "simple-git-hooks": "^2.13.1",
        "size-limit": "^12.1.0",
        "tsup": "^8.5.1",
        "typedoc": "^0.28.19",
        "typescript": "^5.9.3",
        "typescript-eslint": "^8.59.0",
        "vitest": "^4.1.6"
      },
      "engines": {
        "node": ">=20.18.0"
      }
    },
    "node_modules/@poli-page/sdk": {
      "resolved": "../..",
      "link": true
    }
  }
}
